
Microsoft Visual Studio Solution File, Format Version 12.00
# Visual Studio Version 17
VisualStudioVersion = 17.6.33801.468
MinimumVisualStudioVersion = 10.0.40219.1
Project("{FAE04EC0-301F-11D3-BF4B-00C04F79EFBC}") = "TallerMecanico.Android", "TallerMecanico\TallerMecanico.Android\TallerMecanico.Android.csproj", "{27D1BF68-7092-4C2F-BF70-73DEE4AE09FE}"
EndProject
Project("{FAE04EC0-301F-11D3-BF4B-00C04F79EFBC}") = "TallerMecanico", "TallerMecanico\TallerMecanico\TallerMecanico.csproj", "{45147F18-614D-464E-92FF-EC1003BDB99D}"
EndProject
Global
	GlobalSection(SolutionConfigurationPlatforms) = preSolution
		Debug|Any CPU = Debug|Any CPU
		Release|Any CPU = Release|Any CPU
	EndGlobalSection
	GlobalSection(ProjectConfigurationPlatforms) = postSolution
		{27D1BF68-7092-4C2F-BF70-73DEE4AE09FE}.Debug|Any CPU.ActiveCfg = Debug|Any CPU
		{27D1BF68-7092-4C2F-BF70-73DEE4AE09FE}.Debug|Any CPU.Build.0 = Debug|Any CPU
		{27D1BF68-7092-4C2F-BF70-73DEE4AE09FE}.Debug|Any CPU.Deploy.0 = Debug|Any CPU
		{27D1BF68-7092-4C2F-BF70-73DEE4AE09FE}.Release|Any CPU.ActiveCfg = Release|Any CPU
		{27D1BF68-7092-4C2F-BF70-73DEE4AE09FE}.Release|Any CPU.Build.0 = Release|Any CPU
		{27D1BF68-7092-4C2F-BF70-73DEE4AE09FE}.Release|Any CPU.Deploy.0 = Release|Any CPU
		{45147F18-614D-464E-92FF-EC1003BDB99D}.Debug|Any CPU.ActiveCfg = Debug|Any CPU
		{45147F18-614D-464E-92FF-EC1003BDB99D}.Debug|Any CPU.Build.0 = Debug|Any CPU
		{45147F18-614D-464E-92FF-EC1003BDB99D}.Debug|Any CPU.Deploy.0 = Debug|Any CPU
		{45147F18-614D-464E-92FF-EC1003BDB99D}.Release|Any CPU.ActiveCfg = Release|Any CPU
		{45147F18-614D-464E-92FF-EC1003BDB99D}.Release|Any CPU.Build.0 = Release|Any CPU
		{45147F18-614D-464E-92FF-EC1003BDB99D}.Release|Any CPU.Deploy.0 = Release|Any CPU
	EndGlobalSection
	GlobalSection(SolutionProperties) = preSolution
		HideSolutionNode = FALSE
	EndGlobalSection
	GlobalSection(ExtensibilityGlobals) = postSolution
		SolutionGuid = {9F890F94-9EDA-46A5-A653-A8BD90F43B2D}
	EndGlobalSection
EndGlobal
